// !$*UTF8*$!
{
	archiveVersion = 1;
	classes = {
	};
	objectVersion = 46;
	objects = {

/* Begin PBXBuildFile section */
		973E044D1B8CBA5F00F810A9 /* exampleTest.js in Resources */ = {isa = PBXBuildFile; fileRef = 973E044C1B8CBA5F00F810A9 /* exampleTest.js */; };
		973E044F1B8CBA8000F810A9 /* FizzBuzzTests.js in Resources */ = {isa = PBXBuildFile; fileRef = 973E044E1B8CBA8000F810A9 /* FizzBuzzTests.js */; };
		97B207901B8CA5E800EDAA46 /* AppDelegate.swift in Sources */ = {isa = PBXBuildFile; fileRef = 97B2078F1B8CA5E800EDAA46 /* AppDelegate.swift */; };
		97B207921B8CA5E800EDAA46 /* ViewController.swift in Sources */ = {isa = PBXBuildFile; fileRef = 97B207911B8CA5E800EDAA46 /* ViewController.swift */; };
		97B207951B8CA5E800EDAA46 /* Main.storyboard in Resources */ = {isa = PBXBuildFile; fileRef = 97B207931B8CA5E800EDAA46 /* Main.storyboard */; };
		97B207971B8CA5E800EDAA46 /* Images.xcassets in Resources */ = {isa = PBXBuildFile; fileRef = 97B207961B8CA5E800EDAA46 /* Images.xcassets */; };
		97B2079A1B8CA5E800EDAA46 /* LaunchScreen.xib in Resources */ = {isa = PBXBuildFile; fileRef = 97B207981B8CA5E800EDAA46 /* LaunchScreen.xib */; };
		97B207B11B8CA6CD00EDAA46 /* FizzBuzz.swift in Sources */ = {isa = PBXBuildFile; fileRef = 97B207B01B8CA6CD00EDAA46 /* FizzBuzz.swift */; };
		97B207B21B8CA6CD00EDAA46 /* FizzBuzz.swift in Sources */ = {isa = PBXBuildFile; fileRef = 97B207B01B8CA6CD00EDAA46 /* FizzBuzz.swift */; };
		97B207B31B8CA74800EDAA46 /* FizzBuzzTests.swift in Sources */ = {isa = PBXBuildFile; fileRef = 97B207A51B8CA5E900EDAA46 /* FizzBuzzTests.swift */; };
/* End PBXBuildFile section */

/* Begin PBXContainerItemProxy section */
		97B207A01B8CA5E900EDAA46 /* PBXContainerItemProxy */ = {
			isa = PBXContainerItemProxy;
			containerPortal = 97B207821B8CA5E800EDAA46 /* Project object */;
			proxyType = 1;
			remoteGlobalIDString = 97B207891B8CA5E800EDAA46;
			remoteInfo = FizzBuzz;
		};
/* End PBXContainerItemProxy section */

/* Begin PBXFileReference section */
		973E044C1B8CBA5F00F810A9 /* exampleTest.js */ = {isa = PBXFileReference; fileEncoding = 4; lastKnownFileType = sourcecode.javascript; path = exampleTest.js; sourceTree = "<group>"; };
		973E044E1B8CBA8000F810A9 /* FizzBuzzTests.js */ = {isa = PBXFileReference; fileEncoding = 4; lastKnownFileType = sourcecode.javascript; path = FizzBuzzTests.js; sourceTree = "<group>"; };
		97B2078A1B8CA5E800EDAA46 /* FizzBuzz.app */ = {isa = PBXFileReference; explicitFileType = wrapper.application; includeInIndex = 0; path = FizzBuzz.app; sourceTree = BUILT_PRODUCTS_DIR; };
		97B2078E1B8CA5E800EDAA46 /* Info.plist */ = {isa = PBXFileReference; lastKnownFileType = text.plist.xml; path = Info.plist; sourceTree = "<group>"; };
		97B2078F1B8CA5E800EDAA46 /* AppDelegate.swift */ = {isa = PBXFileReference; lastKnownFileType = sourcecode.swift; path = AppDelegate.swift; sourceTree = "<group>"; };
		97B207911B8CA5E800EDAA46 /* ViewController.swift */ = {isa = PBXFileReference; lastKnownFileType = sourcecode.swift; path = ViewController.swift; sourceTree = "<group>"; };
		97B207941B8CA5E800EDAA46 /* Base */ = {isa = PBXFileReference; lastKnownFileType = file.storyboard; name = Base; path = Base.lproj/Main.storyboard; sourceTree = "<group>"; };
		97B207961B8CA5E800EDAA46 /* Images.xcassets */ = {isa = PBXFileReference; lastKnownFileType = folder.assetcatalog; path = Images.xcassets; sourceTree = "<group>"; };
		97B207991B8CA5E800EDAA46 /* Base */ = {isa = PBXFileReference; lastKnownFileType = file.xib; name = Base; path = Base.lproj/LaunchScreen.xib; sourceTree = "<group>"; };
		97B2079F1B8CA5E900EDAA46 /* FizzBuzzTests.xctest */ = {isa = PBXFileReference; explicitFileType = wrapper.cfbundle; includeInIndex = 0; path = FizzBuzzTests.xctest; sourceTree = BUILT_PRODUCTS_DIR; };
		97B207A41B8CA5E900EDAA46 /* Info.plist */ = {isa = PBXFileReference; lastKnownFileType = text.plist.xml; path = Info.plist; sourceTree = "<group>"; };
		97B207A51B8CA5E900EDAA46 /* FizzBuzzTests.swift */ = {isa = PBXFileReference; lastKnownFileType = sourcecode.swift; path = FizzBuzzTests.swift; sourceTree = "<group>"; };
		97B207B01B8CA6CD00EDAA46 /* FizzBuzz.swift */ = {isa = PBXFileReference; fileEncoding = 4; lastKnownFileType = sourcecode.swift; path = FizzBuzz.swift; sourceTree = "<group>"; };
/* End PBXFileReference section */

/* Begin PBXFrameworksBuildPhase section */
		97B207871B8CA5E800EDAA46 /* Frameworks */ = {
			isa = PBXFrameworksBuildPhase;
			buildActionMask = 2147483647;
			files = (
			);
			runOnlyForDeploymentPostprocessing = 0;
		};
		97B2079C1B8CA5E900EDAA46 /* Frameworks */ = {
			isa = PBXFrameworksBuildPhase;
			buildActionMask = 2147483647;
			files = (
			);
			runOnlyForDeploymentPostprocessing = 0;
		};
/* End PBXFrameworksBuildPhase section */

/* Begin PBXGroup section */
		97B207811B8CA5E800EDAA46 = {
			isa = PBXGroup;
			children = (
				97B2078C1B8CA5E800EDAA46 /* FizzBuzz */,
				97B207A21B8CA5E900EDAA46 /* FizzBuzzTests */,
				97B2078B1B8CA5E800EDAA46 /* Products */,
			);
			sourceTree = "<group>";
		};
		97B2078B1B8CA5E800EDAA46 /* Products */ = {
			isa = PBXGroup;
			children = (
				97B2078A1B8CA5E800EDAA46 /* FizzBuzz.app */,
				97B2079F1B8CA5E900EDAA46 /* FizzBuzzTests.xctest */,
			);
			name = Products;
			sourceTree = "<group>";
		};
		97B2078C1B8CA5E800EDAA46 /* FizzBuzz */ = {
			isa = PBXGroup;
			children = (
				97B207B01B8CA6CD00EDAA46 /* FizzBuzz.swift */,
				97B2078F1B8CA5E800EDAA46 /* AppDelegate.swift */,
				97B207911B8CA5E800EDAA46 /* ViewController.swift */,
				97B207931B8CA5E800EDAA46 /* Main.storyboard */,
				97B207961B8CA5E800EDAA46 /* Images.xcassets */,
				97B207981B8CA5E800EDAA46 /* LaunchScreen.xib */,
				97B2078D1B8CA5E800EDAA46 /* Supporting Files */,
			);
			path = FizzBuzz;
			sourceTree = "<group>";
		};
		97B2078D1B8CA5E800EDAA46 /* Supporting Files */ = {
			isa = PBXGroup;
			children = (
				97B2078E1B8CA5E800EDAA46 /* Info.plist */,
			);
			name = "Supporting Files";
			sourceTree = "<group>";
		};
		97B207A21B8CA5E900EDAA46 /* FizzBuzzTests */ = {
			isa = PBXGroup;
			children = (
				973E044E1B8CBA8000F810A9 /* FizzBuzzTests.js */,
				97B207A51B8CA5E900EDAA46 /* FizzBuzzTests.swift */,
				97B207A31B8CA5E900EDAA46 /* Supporting Files */,
			);
			path = FizzBuzzTests;
			sourceTree = "<group>";
		};
		97B207A31B8CA5E900EDAA46 /* Supporting Files */ = {
			isa = PBXGroup;
			children = (
				973E044C1B8CBA5F00F810A9 /* exampleTest.js */,
				97B207A41B8CA5E900EDAA46 /* Info.plist */,
			);
			name = "Supporting Files";
			sourceTree = "<group>";
		};
/* End PBXGroup section */

/* Begin PBXNativeTarget section */
		97B207891B8CA5E800EDAA46 /* FizzBuzz */ = {
			isa = PBXNativeTarget;
			buildConfigurationList = 97B207A91B8CA5E900EDAA46 /* Build configuration list for PBXNativeTarget "FizzBuzz" */;
			buildPhases = (
				97B207861B8CA5E800EDAA46 /* Sources */,
				97B207871B8CA5E800EDAA46 /* Frameworks */,
				97B207881B8CA5E800EDAA46 /* Resources */,
			);
			buildRules = (
			);
			dependencies = (
			);
			name = FizzBuzz;
			productName = FizzBuzz;
			productReference = 97B2078A1B8CA5E800EDAA46 /* FizzBuzz.app */;
			productType = "com.apple.product-type.application";
		};
		97B2079E1B8CA5E900EDAA46 /* FizzBuzzTests */ = {
			isa = PBXNativeTarget;
			buildConfigurationList = 97B207AC1B8CA5E900EDAA46 /* Build configuration list for PBXNativeTarget "FizzBuzzTests" */;
			buildPhases = (
				97B2079B1B8CA5E900EDAA46 /* Sources */,
				97B2079C1B8CA5E900EDAA46 /* Frameworks */,
				97B2079D1B8CA5E900EDAA46 /* Resources */,
			);
			buildRules = (
			);
			dependencies = (
				97B207A11B8CA5E900EDAA46 /* PBXTargetDependency */,
			);
			name = FizzBuzzTests;
			productName = FizzBuzzTests;
			productReference = 97B2079F1B8CA5E900EDAA46 /* FizzBuzzTests.xctest */;
			productType = "com.apple.product-type.bundle.unit-test";
		};
/* End PBXNativeTarget section */

/* Begin PBXProject section */
		97B207821B8CA5E800EDAA46 /* Project object */ = {
			isa = PBXProject;
			attributes = {
				LastUpgradeCheck = 0640;
				ORGANIZATIONNAME = "Sivan Patel";
				TargetAttributes = {
					97B207891B8CA5E800EDAA46 = {
						CreatedOnToolsVersion = 6.4;
					};
					97B2079E1B8CA5E900EDAA46 = {
						CreatedOnToolsVersion = 6.4;
						TestTargetID = 97B207891B8CA5E800EDAA46;
					};
				};
			};
			buildConfigurationList = 97B207851B8CA5E800EDAA46 /* Build configuration list for PBXProject "FizzBuzz" */;
			compatibilityVersion = "Xcode 3.2";
			developmentRegion = English;
			hasScannedForEncodings = 0;
			knownRegions = (
				en,
				Base,
			);
			mainGroup = 97B207811B8CA5E800EDAA46;
			productRefGroup = 97B2078B1B8CA5E800EDAA46 /* Products */;
			projectDirPath = "";
			projectRoot = "";
			targets = (
				97B207891B8CA5E800EDAA46 /* FizzBuzz */,
				97B2079E1B8CA5E900EDAA46 /* FizzBuzzTests */,
			);
		};
/* End PBXProject section */

/* Begin PBXResourcesBuildPhase section */
		97B207881B8CA5E800EDAA46 /* Resources */ = {
			isa = PBXResourcesBuildPhase;
			buildActionMask = 2147483647;
			files = (
				97B207951B8CA5E800EDAA46 /* Main.storyboard in Resources */,
				97B2079A1B8CA5E800EDAA46 /* LaunchScreen.xib in Resources */,
				97B207971B8CA5E800EDAA46 /* Images.xcassets in Resources */,
			);
			runOnlyForDeploymentPostprocessing = 0;
		};
		97B2079D1B8CA5E900EDAA46 /* Resources */ = {
			isa = PBXResourcesBuildPhase;
			buildActionMask = 2147483647;
			files = (
				973E044F1B8CBA8000F810A9 /* FizzBuzzTests.js in Resources */,
				973E044D1B8CBA5F00F810A9 /* exampleTest.js in Resources */,
			);
			runOnlyForDeploymentPostprocessing = 0;
		};
/* End PBXResourcesBuildPhase section */

/* Begin PBXSourcesBuildPhase section */
		97B207861B8CA5E800EDAA46 /* Sources */ = {
			isa = PBXSourcesBuildPhase;
			buildActionMask = 2147483647;
			files = (
				97B207921B8CA5E800EDAA46 /* ViewController.swift in Sources */,
				97B207901B8CA5E800EDAA46 /* AppDelegate.swift in Sources */,
				97B207B11B8CA6CD00EDAA46 /* FizzBuzz.swift in Sources */,
			);
			runOnlyForDeploymentPostprocessing = 0;
		};
		97B2079B1B8CA5E900EDAA46 /* Sources */ = {
			isa = PBXSourcesBuildPhase;
			buildActionMask = 2147483647;
			files = (
				97B207B21B8CA6CD00EDAA46 /* FizzBuzz.swift in Sources */,
				97B207B31B8CA74800EDAA46 /* FizzBuzzTests.swift in Sources */,
			);
			runOnlyForDeploymentPostprocessing = 0;
		};
/* End PBXSourcesBuildPhase section */

/* Begin PBXTargetDependency section */
		97B207A11B8CA5E900EDAA46 /* PBXTargetDependency */ = {
			isa = PBXTargetDependency;
			target = 97B207891B8CA5E800EDAA46 /* FizzBuzz */;
			targetProxy = 97B207A01B8CA5E900EDAA46 /* PBXContainerItemProxy */;
		};
/* End PBXTargetDependency section */

/* Begin PBXVariantGroup section */
		97B207931B8CA5E800EDAA46 /* Main.storyboard */ = {
			isa = PBXVariantGroup;
			children = (
				97B207941B8CA5E800EDAA46 /* Base */,
			);
			name = Main.storyboard;
			sourceTree = "<group>";
		};
		97B207981B8CA5E800EDAA46 /* LaunchScreen.xib */ = {
			isa = PBXVariantGroup;
			children = (
				97B207991B8CA5E800EDAA46 /* Base */,
			);
			name = LaunchScreen.xib;
			sourceTree = "<group>";
		};
/* End PBXVariantGroup section */

/* Begin XCBuildConfiguration section */
		97B207A71B8CA5E900EDAA46 /* Debug */ = {
			isa = XCBuildConfiguration;
			buildSettings = {
				ALWAYS_SEARCH_USER_PATHS = NO;
				CLANG_CXX_LANGUAGE_STANDARD = "gnu++0x";
				CLANG_CXX_LIBRARY = "libc++";
				CLANG_ENABLE_MODULES = YES;
				CLANG_ENABLE_OBJC_ARC = YES;
				CLANG_WARN_BOOL_CONVERSION = YES;
				CLANG_WARN_CONSTANT_CONVERSION = YES;
				CLANG_WARN_DIRECT_OBJC_ISA_USAGE = YES_ERROR;
				CLANG_WARN_EMPTY_BODY = YES;
				CLANG_WARN_ENUM_CONVERSION = YES;
				CLANG_WARN_INT_CONVERSION = YES;
				CLANG_WARN_OBJC_ROOT_CLASS = YES_ERROR;
				CLANG_WARN_UNREACHABLE_CODE = YES;
				CLANG_WARN__DUPLICATE_METHOD_MATCH = YES;
				"CODE_SIGN_IDENTITY[sdk=iphoneos*]" = "iPhone Developer";
				COPY_PHASE_STRIP = NO;
				DEBUG_INFORMATION_FORMAT = "dwarf-with-dsym";
				ENABLE_STRICT_OBJC_MSGSEND = YES;
				GCC_C_LANGUAGE_STANDARD = gnu99;
				GCC_DYNAMIC_NO_PIC = NO;
				GCC_NO_COMMON_BLOCKS = YES;
				GCC_OPTIMIZATION_LEVEL = 0;
				GCC_PREPROCESSOR_DEFINITIONS = (
					"DEBUG=1",
					"$(inherited)",
				);
				GCC_SYMBOLS_PRIVATE_EXTERN = NO;
				GCC_WARN_64_TO_32_BIT_CONVERSION = YES;
				GCC_WARN_ABOUT_RETURN_TYPE = YES_ERROR;
				GCC_WARN_UNDECLARED_SELECTOR = YES;
				GCC_WARN_UNINITIALIZED_AUTOS = YES_AGGRESSIVE;
				GCC_WARN_UNUSED_FUNCTION = YES;
				GCC_WARN_UNUSED_VARIABLE = YES;
				IPHONEOS_DEPLOYMENT_TARGET = 8.4;
				MTL_ENABLE_DEBUG_INFO = YES;
				ONLY_ACTIVE_ARCH = YES;
				SDKROOT = iphoneos;
				SWIFT_OPTIMIZATION_LEVEL = "-Onone";
				TARGETED_DEVICE_FAMILY = "1,2";
			};
			name = Debug;
		};
		97B207A81B8CA5E900EDAA46 /* Release */ = {
			isa = XCBuildConfiguration;
			buildSettings = {
				ALWAYS_SEARCH_USER_PATHS = NO;
				CLANG_CXX_LANGUAGE_STANDARD = "gnu++0x";
				CLANG_CXX_LIBRARY = "libc++";
				CLANG_ENABLE_MODULES = YES;
				CLANG_ENABLE_OBJC_ARC = YES;
				CLANG_WARN_BOOL_CONVERSION = YES;
				CLANG_WARN_CONSTANT_CONVERSION = YES;
				CLANG_WARN_DIRECT_OBJC_ISA_USAGE = YES_ERROR;
				CLANG_WARN_EMPTY_BODY = YES;
				CLANG_WARN_ENUM_CONVERSION = YES;
				CLANG_WARN_INT_CONVERSION = YES;
				CLANG_WARN_OBJC_ROOT_CLASS = YES_ERROR;
				CLANG_WARN_UNREACHABLE_CODE = YES;
				CLANG_WARN__DUPLICATE_METHOD_MATCH = YES;
				"CODE_SIGN_IDENTITY[sdk=iphoneos*]" = "iPhone Developer";
				COPY_PHASE_STRIP = NO;
				DEBUG_INFORMATION_FORMAT = "dwarf-with-dsym";
				ENABLE_NS_ASSERTIONS = NO;
				ENABLE_STRICT_OBJC_MSGSEND = YES;
				GCC_C_LANGUAGE_STANDARD = gnu99;
				GCC_NO_COMMON_BLOCKS = YES;
				GCC_WARN_64_TO_32_BIT_CONVERSION = YES;
				GCC_WARN_ABOUT_RETURN_TYPE = YES_ERROR;
				GCC_WARN_UNDECLARED_SELECTOR = YES;
				GCC_WARN_UNINITIALIZED_AUTOS = YES_AGGRESSIVE;
				GCC_WARN_UNUSED_FUNCTION = YES;
				GCC_WARN_UNUSED_VARIABLE = YES;
				IPHONEOS_DEPLOYMENT_TARGET = 8.4;
				MTL_ENABLE_DEBUG_INFO = NO;
				SDKROOT = iphoneos;
				TARGETED_DEVICE_FAMILY = "1,2";
				VALIDATE_PRODUCT = YES;
			};
			name = Release;
		};
		97B207AA1B8CA5E900EDAA46 /* Debug */ = {
			isa = XCBuildConfiguration;
			buildSettings = {
				ASSETCATALOG_COMPILER_APPICON_NAME = AppIcon;
				INFOPLIST_FILE = FizzBuzz/Info.plist;
				LD_RUNPATH_SEARCH_PATHS = "$(inherited) @executable_path/Frameworks";
				PRODUCT_NAME = "$(TARGET_NAME)";
			};
			name = Debug;
		};
		97B207AB1B8CA5E900EDAA46 /* Release */ = {
			isa = XCBuildConfiguration;
			buildSettings = {
				ASSETCATALOG_COMPILER_APPICON_NAME = AppIcon;
				INFOPLIST_FILE = FizzBuzz/Info.plist;
				LD_RUNPATH_SEARCH_PATHS = "$(inherited) @executable_path/Frameworks";
				PRODUCT_NAME = "$(TARGET_NAME)";
			};
			name = Release;
		};
		97B207AD1B8CA5E900EDAA46 /* Debug */ = {
			isa = XCBuildConfiguration;
			buildSettings = {
				BUNDLE_LOADER = "$(TEST_HOST)";
				CLANG_ENABLE_MODULES = YES;
				FRAMEWORK_SEARCH_PATHS = (
					"$(SDKROOT)/Developer/Library/Frameworks",
					"$(inherited)",
				);
				GCC_PREPROCESSOR_DEFINITIONS = (
					"DEBUG=1",
					"$(inherited)",
				);
				INFOPLIST_FILE = FizzBuzzTests/Info.plist;
				LD_RUNPATH_SEARCH_PATHS = "$(inherited) @executable_path/Frameworks @loader_path/Frameworks";
				PRODUCT_NAME = "$(TARGET_NAME)";
				SWIFT_OPTIMIZATION_LEVEL = "-Onone";
				TEST_HOST = "$(BUILT_PRODUCTS_DIR)/FizzBuzz.app/FizzBuzz";
			};
			name = Debug;
		};
		97B207AE1B8CA5E900EDAA46 /* Release */ = {
			isa = XCBuildConfiguration;
			buildSettings = {
				BUNDLE_LOADER = "$(TEST_HOST)";
				CLANG_ENABLE_MODULES = YES;
				FRAMEWORK_SEARCH_PATHS = (
					"$(SDKROOT)/Developer/Library/Frameworks",
					"$(inherited)",
				);
				INFOPLIST_FILE = FizzBuzzTests/Info.plist;
				LD_RUNPATH_SEARCH_PATHS = "$(inherited) @executable_path/Frameworks @loader_path/Frameworks";
				PRODUCT_NAME = "$(TARGET_NAME)";
				TEST_HOST = "$(BUILT_PRODUCTS_DIR)/FizzBuzz.app/FizzBuzz";
			};
			name = Release;
		};
/* End XCBuildConfiguration section */

/* Begin XCConfigurationList section */
		97B207851B8CA5E800EDAA46 /* Build configuration list for PBXProject "FizzBuzz" */ = {
			isa = XCConfigurationList;
			buildConfigurations = (
				97B207A71B8CA5E900EDAA46 /* Debug */,
				97B207A81B8CA5E900EDAA46 /* Release */,
			);
			defaultConfigurationIsVisible = 0;
			defaultConfigurationName = Release;
		};
		97B207A91B8CA5E900EDAA46 /* Build configuration list for PBXNativeTarget "FizzBuzz" */ = {
			isa = XCConfigurationList;
			buildConfigurations = (
				97B207AA1B8CA5E900EDAA46 /* Debug */,
				97B207AB1B8CA5E900EDAA46 /* Release */,
			);
			defaultConfigurationIsVisible = 0;
			defaultConfigurationName = Release;
		};
		97B207AC1B8CA5E900EDAA46 /* Build configuration list for PBXNativeTarget "FizzBuzzTests" */ = {
			isa = XCConfigurationList;
			buildConfigurations = (
				97B207AD1B8CA5E900EDAA46 /* Debug */,
				97B207AE1B8CA5E900EDAA46 /* Release */,
			);
			defaultConfigurationIsVisible = 0;
			defaultConfigurationName = Release;
		};
/* End XCConfigurationList section */
	};
	rootObject = 97B207821B8CA5E800EDAA46 /* Project object */;
}
